Microsoft Visual Studio Solution File, Format Version 12.00
# Visual Studio Version 17
VisualStudioVersion = 17.5.2.0
MinimumVisualStudioVersion = 10.0.40219.1
Project("{FAE04EC0-301F-11D3-BF4B-00C04F79EFBC}") = "CalculadoraAvalonia", "CalculadoraAvalonia.csproj", "{14955938-5203-5CF9-FCA4-437461303B44}"
EndProject
Global
	GlobalSection(SolutionConfigurationPlatforms) = preSolution
		Debug|Any CPU = Debug|Any CPU
		Release|Any CPU = Release|Any CPU
	EndGlobalSection
	GlobalSection(ProjectConfigurationPlatforms) = postSolution
		{14955938-5203-5CF9-FCA4-437461303B44}.Debug|Any CPU.ActiveCfg = Debug|Any CPU
		{14955938-5203-5CF9-FCA4-437461303B44}.Debug|Any CPU.Build.0 = Debug|Any CPU
		{14955938-5203-5CF9-FCA4-437461303B44}.Release|Any CPU.ActiveCfg = Release|Any CPU
		{14955938-5203-5CF9-FCA4-437461303B44}.Release|Any CPU.Build.0 = Release|Any CPU
	EndGlobalSection
	GlobalSection(SolutionProperties) = preSolution
		HideSolutionNode = FALSE
	EndGlobalSection
	GlobalSection(ExtensibilityGlobals) = postSolution
		SolutionGuid = {E24618F4-1CA0-41A8-9B5E-A501EC32098B}
	EndGlobalSection
EndGlobal
